
Microsoft Visual Studio Solution File, Format Version 12.00
# Visual Studio Version 17
VisualStudioVersion = 17.11.35219.272
MinimumVisualStudioVersion = 10.0.40219.1
Project("{8BC9CEB8-8B4A-11D0-8D11-00A0C91BC942}") = "RaytracingTest", "RaytracingTest.vcxproj", "{1CE19D78-2B13-46D6-9A57-CD28916ED54A}"
EndProject
Global
	GlobalSection(SolutionConfigurationPlatforms) = preSolution
		Debug|x64 = Debug|x64
		Debug|x86 = Debug|x86
		Release|x64 = Release|x64
		Release|x86 = Release|x86
	EndGlobalSection
	GlobalSection(ProjectConfigurationPlatforms) = postSolution
		{1CE19D78-2B13-46D6-9A57-CD28916ED54A}.Debug|x64.ActiveCfg = Debug|x64
		{1CE19D78-2B13-46D6-9A57-CD28916ED54A}.Debug|x64.Build.0 = Debug|x64
		{1CE19D78-2B13-46D6-9A57-CD28916ED54A}.Debug|x86.ActiveCfg = Debug|Win32
		{1CE19D78-2B13-46D6-9A57-CD28916ED54A}.Debug|x86.Build.0 = Debug|Win32
		{1CE19D78-2B13-46D6-9A57-CD28916ED54A}.Release|x64.ActiveCfg = Release|x64
		{1CE19D78-2B13-46D6-9A57-CD28916ED54A}.Release|x64.Build.0 = Release|x64
		{1CE19D78-2B13-46D6-9A57-CD28916ED54A}.Release|x86.ActiveCfg = Release|Win32
		{1CE19D78-2B13-46D6-9A57-CD28916ED54A}.Release|x86.Build.0 = Release|Win32
	EndGlobalSection
	GlobalSection(SolutionProperties) = preSolution
		HideSolutionNode = FALSE
	EndGlobalSection
	GlobalSection(ExtensibilityGlobals) = postSolution
		SolutionGuid = {D95396E0-E647-45E5-B783-A7AD2AD39E6D}
	EndGlobalSection
EndGlobal
